
Microsoft Visual Studio Solution File, Format Version 12.00
# Visual Studio Version 17
VisualStudioVersion = 17.8.34525.116
MinimumVisualStudioVersion = 10.0.40219.1
Project("{FAE04EC0-301F-11D3-BF4B-00C04F79EFBC}") = "Fenobachi", "Fenobachi.csproj", "{ABFC24A5-8C5A-444A-BC87-84DF812293E5}"
EndProject
Global
	GlobalSection(SolutionConfigurationPlatforms) = preSolution
		Debug|Any CPU = Debug|Any CPU
		Release|Any CPU = Release|Any CPU
	EndGlobalSection
	GlobalSection(ProjectConfigurationPlatforms) = postSolution
		{ABFC24A5-8C5A-444A-BC87-84DF812293E5}.Debug|Any CPU.ActiveCfg = Debug|Any CPU
		{ABFC24A5-8C5A-444A-BC87-84DF812293E5}.Debug|Any CPU.Build.0 = Debug|Any CPU
		{ABFC24A5-8C5A-444A-BC87-84DF812293E5}.Release|Any CPU.ActiveCfg = Release|Any CPU
		{ABFC24A5-8C5A-444A-BC87-84DF812293E5}.Release|Any CPU.Build.0 = Release|Any CPU
	EndGlobalSection
	GlobalSection(SolutionProperties) = preSolution
		HideSolutionNode = FALSE
	EndGlobalSection
	GlobalSection(ExtensibilityGlobals) = postSolution
		SolutionGuid = {1AFAD78C-C27B-4818-8F30-315282C5CF4B}
	EndGlobalSection
EndGlobal
