
Microsoft Visual Studio Solution File, Format Version 12.00
# Visual Studio 2013
VisualStudioVersion = 12.0.21005.1
MinimumVisualStudioVersion = 10.0.40219.1
Project("{FAE04EC0-301F-11D3-BF4B-00C04F79EFBC}") = "MetodosDeOrdenacionYBusqueda", "MetodosDeOrdenacionYBusqueda\MetodosDeOrdenacionYBusqueda.csproj", "{995E3E33-C225-41C9-916C-08287EFA9CAD}"
EndProject
Global
	GlobalSection(SolutionConfigurationPlatforms) = preSolution
		Debug|Any CPU = Debug|Any CPU
		Release|Any CPU = Release|Any CPU
	EndGlobalSection
	GlobalSection(ProjectConfigurationPlatforms) = postSolution
		{995E3E33-C225-41C9-916C-08287EFA9CAD}.Debug|Any CPU.ActiveCfg = Debug|Any CPU
		{995E3E33-C225-41C9-916C-08287EFA9CAD}.Debug|Any CPU.Build.0 = Debug|Any CPU
		{995E3E33-C225-41C9-916C-08287EFA9CAD}.Release|Any CPU.ActiveCfg = Release|Any CPU
		{995E3E33-C225-41C9-916C-08287EFA9CAD}.Release|Any CPU.Build.0 = Release|Any CPU
	EndGlobalSection
	GlobalSection(SolutionProperties) = preSolution
		HideSolutionNode = FALSE
	EndGlobalSection
EndGlobal
